
Microsoft Visual Studio Solution File, Format Version 11.00
# Visual Studio 2010
Project("{FAE04EC0-301F-11D3-BF4B-00C04F79EFBC}") = "MRSApp", "MRSApp\MRSApp.csproj", "{835333F6-B3D0-4AA5-BC7E-FA53B5D690E1}"
EndProject
Project("{FAE04EC0-301F-11D3-BF4B-00C04F79EFBC}") = "MRSDataAccess", "MRSDataAccess\MRSDataAccess.csproj", "{31DF064A-D245-4AF0-894A-B8F3B58A5450}"
EndProject
Global
	GlobalSection(SolutionConfigurationPlatforms) = preSolution
		Debug|Any CPU = Debug|Any CPU
		Release|Any CPU = Release|Any CPU
	EndGlobalSection
	GlobalSection(ProjectConfigurationPlatforms) = postSolution
		{835333F6-B3D0-4AA5-BC7E-FA53B5D690E1}.Debug|Any CPU.ActiveCfg = Debug|Any CPU
		{835333F6-B3D0-4AA5-BC7E-FA53B5D690E1}.Debug|Any CPU.Build.0 = Debug|Any CPU
		{835333F6-B3D0-4AA5-BC7E-FA53B5D690E1}.Release|Any CPU.ActiveCfg = Release|Any CPU
		{835333F6-B3D0-4AA5-BC7E-FA53B5D690E1}.Release|Any CPU.Build.0 = Release|Any CPU
		{31DF064A-D245-4AF0-894A-B8F3B58A5450}.Debug|Any CPU.ActiveCfg = Debug|Any CPU
		{31DF064A-D245-4AF0-894A-B8F3B58A5450}.Debug|Any CPU.Build.0 = Debug|Any CPU
		{31DF064A-D245-4AF0-894A-B8F3B58A5450}.Release|Any CPU.ActiveCfg = Release|Any CPU
		{31DF064A-D245-4AF0-894A-B8F3B58A5450}.Release|Any CPU.Build.0 = Release|Any CPU
	EndGlobalSection
	GlobalSection(SolutionProperties) = preSolution
		HideSolutionNode = FALSE
	EndGlobalSection
EndGlobal
